
Microsoft Visual Studio Solution File, Format Version 12.00
Project("{FAE04EC0-301F-11D3-BF4B-00C04F79EFBC}") = "Rapidata.MongoDB.Migrations", "src\Rapidata.MongoDB.Migrations\Rapidata.MongoDB.Migrations.csproj", "{7200D991-2E1E-4FCF-A800-2FE0A4CD24C0}"
EndProject
Project("{FAE04EC0-301F-11D3-BF4B-00C04F79EFBC}") = "Rapidata.MongoDB.Migrations.AspNetCore", "src\Rapidata.MongoDB.Migrations.AspNetCore\Rapidata.MongoDB.Migrations.AspNetCore.csproj", "{DA189D55-1F33-491B-8253-0EA65973FD08}"
EndProject
Project("{FAE04EC0-301F-11D3-BF4B-00C04F79EFBC}") = "Rapidata.MongoDB.Migrations.Tests.Unit", "tests\Rapidata.MongoDB.Migrations.Tests.Unit\Rapidata.MongoDB.Migrations.Tests.Unit.csproj", "{4919457F-EF43-4C35-8B8D-F15189BEC4DF}"
EndProject
Project("{FAE04EC0-301F-11D3-BF4B-00C04F79EFBC}") = "Rapidata.MongoDB.Migrations.Tests.Integration", "tests\Rapidata.MongoDB.Migrations.Tests.Integration\Rapidata.MongoDB.Migrations.Tests.Integration.csproj", "{9A73F8C3-3102-4B0F-BED2-11565E8EA6A5}"
EndProject
Project("{2150E333-8FDC-42A3-9474-1A3956D46DE8}") = "src", "src", "{FE333499-7CFA-4ED9-B7F6-A6F04B993020}"
EndProject
Project("{2150E333-8FDC-42A3-9474-1A3956D46DE8}") = "tests", "tests", "{5D6221BA-1EFC-451C-90F6-541A02A0683C}"
EndProject
Global
	GlobalSection(SolutionConfigurationPlatforms) = preSolution
		Debug|Any CPU = Debug|Any CPU
		Release|Any CPU = Release|Any CPU
	EndGlobalSection
	GlobalSection(ProjectConfigurationPlatforms) = postSolution
		{7200D991-2E1E-4FCF-A800-2FE0A4CD24C0}.Debug|Any CPU.ActiveCfg = Debug|Any CPU
		{7200D991-2E1E-4FCF-A800-2FE0A4CD24C0}.Debug|Any CPU.Build.0 = Debug|Any CPU
		{7200D991-2E1E-4FCF-A800-2FE0A4CD24C0}.Release|Any CPU.ActiveCfg = Release|Any CPU
		{7200D991-2E1E-4FCF-A800-2FE0A4CD24C0}.Release|Any CPU.Build.0 = Release|Any CPU
		{DA189D55-1F33-491B-8253-0EA65973FD08}.Debug|Any CPU.ActiveCfg = Debug|Any CPU
		{DA189D55-1F33-491B-8253-0EA65973FD08}.Debug|Any CPU.Build.0 = Debug|Any CPU
		{DA189D55-1F33-491B-8253-0EA65973FD08}.Release|Any CPU.ActiveCfg = Release|Any CPU
		{DA189D55-1F33-491B-8253-0EA65973FD08}.Release|Any CPU.Build.0 = Release|Any CPU
		{4919457F-EF43-4C35-8B8D-F15189BEC4DF}.Debug|Any CPU.ActiveCfg = Debug|Any CPU
		{4919457F-EF43-4C35-8B8D-F15189BEC4DF}.Debug|Any CPU.Build.0 = Debug|Any CPU
		{4919457F-EF43-4C35-8B8D-F15189BEC4DF}.Release|Any CPU.ActiveCfg = Release|Any CPU
		{4919457F-EF43-4C35-8B8D-F15189BEC4DF}.Release|Any CPU.Build.0 = Release|Any CPU
		{9A73F8C3-3102-4B0F-BED2-11565E8EA6A5}.Debug|Any CPU.ActiveCfg = Debug|Any CPU
		{9A73F8C3-3102-4B0F-BED2-11565E8EA6A5}.Debug|Any CPU.Build.0 = Debug|Any CPU
		{9A73F8C3-3102-4B0F-BED2-11565E8EA6A5}.Release|Any CPU.ActiveCfg = Release|Any CPU
		{9A73F8C3-3102-4B0F-BED2-11565E8EA6A5}.Release|Any CPU.Build.0 = Release|Any CPU
	EndGlobalSection
	GlobalSection(NestedProjects) = preSolution
		{7200D991-2E1E-4FCF-A800-2FE0A4CD24C0} = {FE333499-7CFA-4ED9-B7F6-A6F04B993020}
		{DA189D55-1F33-491B-8253-0EA65973FD08} = {FE333499-7CFA-4ED9-B7F6-A6F04B993020}
		{9A73F8C3-3102-4B0F-BED2-11565E8EA6A5} = {5D6221BA-1EFC-451C-90F6-541A02A0683C}
		{4919457F-EF43-4C35-8B8D-F15189BEC4DF} = {5D6221BA-1EFC-451C-90F6-541A02A0683C}
	EndGlobalSection
EndGlobal
